
Microsoft Visual Studio Solution File, Format Version 12.00
# Visual Studio 15
VisualStudioVersion = 15.0.28010.2048
MinimumVisualStudioVersion = 10.0.40219.1
Project("{FAE04EC0-301F-11D3-BF4B-00C04F79EFBC}") = "OOP1", "OOP1\OOP1.csproj", "{71B7B835-DD4B-4ABC-B8B4-9E081913966F}"
EndProject
Global
	GlobalSection(SolutionConfigurationPlatforms) = preSolution
		Debug|Any CPU = Debug|Any CPU
		Release|Any CPU = Release|Any CPU
	EndGlobalSection
	GlobalSection(ProjectConfigurationPlatforms) = postSolution
		{71B7B835-DD4B-4ABC-B8B4-9E081913966F}.Debug|Any CPU.ActiveCfg = Debug|Any CPU
		{71B7B835-DD4B-4ABC-B8B4-9E081913966F}.Debug|Any CPU.Build.0 = Debug|Any CPU
		{71B7B835-DD4B-4ABC-B8B4-9E081913966F}.Release|Any CPU.ActiveCfg = Release|Any CPU
		{71B7B835-DD4B-4ABC-B8B4-9E081913966F}.Release|Any CPU.Build.0 = Release|Any CPU
	EndGlobalSection
	GlobalSection(SolutionProperties) = preSolution
		HideSolutionNode = FALSE
	EndGlobalSection
	GlobalSection(ExtensibilityGlobals) = postSolution
		SolutionGuid = {2AB45A4E-B857-4139-A68E-506ACE72B02E}
	EndGlobalSection
EndGlobal
